{
  "name": "suntracker",
  "version": "1.0.0",
  "lockfileVersion": 2,
  "requires": true,
  "packages": {
    "": {
      "name": "suntracker",
      "version": "1.0.0",
      "license": "GPL-3.0-or-later",
      "dependencies": {
        "bresenham": "^0.0.4"
      }
    },
    "node_modules/bresenham": {
      "version": "0.0.4",
      "resolved": "https://registry.npmjs.org/bresenham/-/bresenham-0.0.4.tgz",
      "integrity": "sha512-uMODedbWbeU1Hx+oLMKkmgfhpdcoN/xyMoPMUEEd7OK6IuU0EzWsAlHW6XdTVPj6MvSRJiXjwHvZ4cyRvCkCIw=="
    }
  },
  "dependencies": {
    "bresenham": {
      "version": "0.0.4",
      "resolved": "https://registry.npmjs.org/bresenham/-/bresenham-0.0.4.tgz",
      "integrity": "sha512-uMODedbWbeU1Hx+oLMKkmgfhpdcoN/xyMoPMUEEd7OK6IuU0EzWsAlHW6XdTVPj6MvSRJiXjwHvZ4cyRvCkCIw=="
    }
  }
}
